
Microsoft Visual Studio Solution File, Format Version 12.00
# Visual Studio Version 17
VisualStudioVersion = 17.2.32616.157
MinimumVisualStudioVersion = 10.0.40219.1
Project("{FAE04EC0-301F-11D3-BF4B-00C04F79EFBC}") = "DriveInfo.GetDrives Método", "DriveInfo.GetDrives Método\DriveInfo.GetDrives Método.csproj", "{EDD13D60-5715-45D1-B63F-98985797017F}"
EndProject
Global
	GlobalSection(SolutionConfigurationPlatforms) = preSolution
		Debug|Any CPU = Debug|Any CPU
		Release|Any CPU = Release|Any CPU
	EndGlobalSection
	GlobalSection(ProjectConfigurationPlatforms) = postSolution
		{EDD13D60-5715-45D1-B63F-98985797017F}.Debug|Any CPU.ActiveCfg = Debug|Any CPU
		{EDD13D60-5715-45D1-B63F-98985797017F}.Debug|Any CPU.Build.0 = Debug|Any CPU
		{EDD13D60-5715-45D1-B63F-98985797017F}.Release|Any CPU.ActiveCfg = Release|Any CPU
		{EDD13D60-5715-45D1-B63F-98985797017F}.Release|Any CPU.Build.0 = Release|Any CPU
	EndGlobalSection
	GlobalSection(SolutionProperties) = preSolution
		HideSolutionNode = FALSE
	EndGlobalSection
	GlobalSection(ExtensibilityGlobals) = postSolution
		SolutionGuid = {D6073F21-D275-4089-A376-C78FD927B3D9}
	EndGlobalSection
EndGlobal
